// !$*UTF8*$!
{
	archiveVersion = 1;
	classes = {
	};
	objectVersion = 50;
	objects = {

/* Begin PBXBuildFile section */
		D1E613932149BC3700AD4E4E /* AppDelegate.swift in Sources */ = {isa = PBXBuildFile; fileRef = D1E613922149BC3700AD4E4E /* AppDelegate.swift */; };
		D1E613952149BC3700AD4E4E /* ViewController.swift in Sources */ = {isa = PBXBuildFile; fileRef = D1E613942149BC3700AD4E4E /* ViewController.swift */; };
		D1E613982149BC3700AD4E4E /* Main.storyboard in Resources */ = {isa = PBXBuildFile; fileRef = D1E613962149BC3700AD4E4E /* Main.storyboard */; };
		D1E6139A2149BC3900AD4E4E /* Assets.xcassets in Resources */ = {isa = PBXBuildFile; fileRef = D1E613992149BC3900AD4E4E /* Assets.xcassets */; };
		D1E6139D2149BC3900AD4E4E /* LaunchScreen.storyboard in Resources */ = {isa = PBXBuildFile; fileRef = D1E6139B2149BC3900AD4E4E /* LaunchScreen.storyboard */; };
		D1E613A82149BC3900AD4E4E /* JunkiesTests.swift in Sources */ = {isa = PBXBuildFile; fileRef = D1E613A72149BC3900AD4E4E /* JunkiesTests.swift */; };
		D1E613B32149BC3900AD4E4E /* JunkiesUITests.swift in Sources */ = {isa = PBXBuildFile; fileRef = D1E613B22149BC3900AD4E4E /* JunkiesUITests.swift */; };
		D1E613C12149D35600AD4E4E /* MapViewController.swift in Sources */ = {isa = PBXBuildFile; fileRef = D1E613C02149D35600AD4E4E /* MapViewController.swift */; };
/* End PBXBuildFile section */

/* Begin PBXContainerItemProxy section */
		D1E613A42149BC3900AD4E4E /* PBXContainerItemProxy */ = {
			isa = PBXContainerItemProxy;
			containerPortal = D1E613872149BC3700AD4E4E /* Project object */;
			proxyType = 1;
			remoteGlobalIDString = D1E6138E2149BC3700AD4E4E;
			remoteInfo = Junkies;
		};
		D1E613AF2149BC3900AD4E4E /* PBXContainerItemProxy */ = {
			isa = PBXContainerItemProxy;
			containerPortal = D1E613872149BC3700AD4E4E /* Project object */;
			proxyType = 1;
			remoteGlobalIDString = D1E6138E2149BC3700AD4E4E;
			remoteInfo = Junkies;
		};
/* End PBXContainerItemProxy section */

/* Begin PBXFileReference section */
		D1E6138F2149BC3700AD4E4E /* Junkies.app */ = {isa = PBXFileReference; explicitFileType = wrapper.application; includeInIndex = 0; path = Junkies.app; sourceTree = BUILT_PRODUCTS_DIR; };
		D1E613922149BC3700AD4E4E /* AppDelegate.swift */ = {isa = PBXFileReference; lastKnownFileType = sourcecode.swift; path = AppDelegate.swift; sourceTree = "<group>"; };
		D1E613942149BC3700AD4E4E /* ViewController.swift */ = {isa = PBXFileReference; lastKnownFileType = sourcecode.swift; path = ViewController.swift; sourceTree = "<group>"; };
		D1E613972149BC3700AD4E4E /* Base */ = {isa = PBXFileReference; lastKnownFileType = file.storyboard; name = Base; path = Base.lproj/Main.storyboard; sourceTree = "<group>"; };
		D1E613992149BC3900AD4E4E /* Assets.xcassets */ = {isa = PBXFileReference; lastKnownFileType = folder.assetcatalog; path = Assets.xcassets; sourceTree = "<group>"; };
		D1E6139C2149BC3900AD4E4E /* Base */ = {isa = PBXFileReference; lastKnownFileType = file.storyboard; name = Base; path = Base.lproj/LaunchScreen.storyboard; sourceTree = "<group>"; };
		D1E6139E2149BC3900AD4E4E /* Info.plist */ = {isa = PBXFileReference; lastKnownFileType = text.plist.xml; path = Info.plist; sourceTree = "<group>"; };
		D1E613A32149BC3900AD4E4E /* JunkiesTests.xctest */ = {isa = PBXFileReference; explicitFileType = wrapper.cfbundle; includeInIndex = 0; path = JunkiesTests.xctest; sourceTree = BUILT_PRODUCTS_DIR; };
		D1E613A72149BC3900AD4E4E /* JunkiesTests.swift */ = {isa = PBXFileReference; lastKnownFileType = sourcecode.swift; path = JunkiesTests.swift; sourceTree = "<group>"; };
		D1E613A92149BC3900AD4E4E /* Info.plist */ = {isa = PBXFileReference; lastKnownFileType = text.plist.xml; path = Info.plist; sourceTree = "<group>"; };
		D1E613AE2149BC3900AD4E4E /* JunkiesUITests.xctest */ = {isa = PBXFileReference; explicitFileType = wrapper.cfbundle; includeInIndex = 0; path = JunkiesUITests.xctest; sourceTree = BUILT_PRODUCTS_DIR; };
		D1E613B22149BC3900AD4E4E /* JunkiesUITests.swift */ = {isa = PBXFileReference; lastKnownFileType = sourcecode.swift; path = JunkiesUITests.swift; sourceTree = "<group>"; };
		D1E613B42149BC3900AD4E4E /* Info.plist */ = {isa = PBXFileReference; lastKnownFileType = text.plist.xml; path = Info.plist; sourceTree = "<group>"; };
		D1E613C02149D35600AD4E4E /* MapViewController.swift */ = {isa = PBXFileReference; lastKnownFileType = sourcecode.swift; path = MapViewController.swift; sourceTree = "<group>"; };
/* End PBXFileReference section */

/* Begin PBXFrameworksBuildPhase section */
		D1E6138C2149BC3700AD4E4E /* Frameworks */ = {
			isa = PBXFrameworksBuildPhase;
			buildActionMask = 2147483647;
			files = (
			);
			runOnlyForDeploymentPostprocessing = 0;
		};
		D1E613A02149BC3900AD4E4E /* Frameworks */ = {
			isa = PBXFrameworksBuildPhase;
			buildActionMask = 2147483647;
			files = (
			);
			runOnlyForDeploymentPostprocessing = 0;
		};
		D1E613AB2149BC3900AD4E4E /* Frameworks */ = {
			isa = PBXFrameworksBuildPhase;
			buildActionMask = 2147483647;
			files = (
			);
			runOnlyForDeploymentPostprocessing = 0;
		};
/* End PBXFrameworksBuildPhase section */

/* Begin PBXGroup section */
		D1E613862149BC3700AD4E4E = {
			isa = PBXGroup;
			children = (
				D1E613912149BC3700AD4E4E /* Junkies */,
				D1E613A62149BC3900AD4E4E /* JunkiesTests */,
				D1E613B12149BC3900AD4E4E /* JunkiesUITests */,
				D1E613902149BC3700AD4E4E /* Products */,
			);
			sourceTree = "<group>";
		};
		D1E613902149BC3700AD4E4E /* Products */ = {
			isa = PBXGroup;
			children = (
				D1E6138F2149BC3700AD4E4E /* Junkies.app */,
				D1E613A32149BC3900AD4E4E /* JunkiesTests.xctest */,
				D1E613AE2149BC3900AD4E4E /* JunkiesUITests.xctest */,
			);
			name = Products;
			sourceTree = "<group>";
		};
		D1E613912149BC3700AD4E4E /* Junkies */ = {
			isa = PBXGroup;
			children = (
				D1E613922149BC3700AD4E4E /* AppDelegate.swift */,
				D1E613942149BC3700AD4E4E /* ViewController.swift */,
				D1E613C02149D35600AD4E4E /* MapViewController.swift */,
				D1E613962149BC3700AD4E4E /* Main.storyboard */,
				D1E613992149BC3900AD4E4E /* Assets.xcassets */,
				D1E6139B2149BC3900AD4E4E /* LaunchScreen.storyboard */,
				D1E6139E2149BC3900AD4E4E /* Info.plist */,
			);
			path = Junkies;
			sourceTree = "<group>";
		};
		D1E613A62149BC3900AD4E4E /* JunkiesTests */ = {
			isa = PBXGroup;
			children = (
				D1E613A72149BC3900AD4E4E /* JunkiesTests.swift */,
				D1E613A92149BC3900AD4E4E /* Info.plist */,
			);
			path = JunkiesTests;
			sourceTree = "<group>";
		};
		D1E613B12149BC3900AD4E4E /* JunkiesUITests */ = {
			isa = PBXGroup;
			children = (
				D1E613B22149BC3900AD4E4E /* JunkiesUITests.swift */,
				D1E613B42149BC3900AD4E4E /* Info.plist */,
			);
			path = JunkiesUITests;
			sourceTree = "<group>";
		};
/* End PBXGroup section */

/* Begin PBXNativeTarget section */
		D1E6138E2149BC3700AD4E4E /* Junkies */ = {
			isa = PBXNativeTarget;
			buildConfigurationList = D1E613B72149BC3900AD4E4E /* Build configuration list for PBXNativeTarget "Junkies" */;
			buildPhases = (
				D1E6138B2149BC3700AD4E4E /* Sources */,
				D1E6138C2149BC3700AD4E4E /* Frameworks */,
				D1E6138D2149BC3700AD4E4E /* Resources */,
			);
			buildRules = (
			);
			dependencies = (
			);
			name = Junkies;
			productName = Junkies;
			productReference = D1E6138F2149BC3700AD4E4E /* Junkies.app */;
			productType = "com.apple.product-type.application";
		};
		D1E613A22149BC3900AD4E4E /* JunkiesTests */ = {
			isa = PBXNativeTarget;
			buildConfigurationList = D1E613BA2149BC3900AD4E4E /* Build configuration list for PBXNativeTarget "JunkiesTests" */;
			buildPhases = (
				D1E6139F2149BC3900AD4E4E /* Sources */,
				D1E613A02149BC3900AD4E4E /* Frameworks */,
				D1E613A12149BC3900AD4E4E /* Resources */,
			);
			buildRules = (
			);
			dependencies = (
				D1E613A52149BC3900AD4E4E /* PBXTargetDependency */,
			);
			name = JunkiesTests;
			productName = JunkiesTests;
			productReference = D1E613A32149BC3900AD4E4E /* JunkiesTests.xctest */;
			productType = "com.apple.product-type.bundle.unit-test";
		};
		D1E613AD2149BC3900AD4E4E /* JunkiesUITests */ = {
			isa = PBXNativeTarget;
			buildConfigurationList = D1E613BD2149BC3900AD4E4E /* Build configuration list for PBXNativeTarget "JunkiesUITests" */;
			buildPhases = (
				D1E613AA2149BC3900AD4E4E /* Sources */,
				D1E613AB2149BC3900AD4E4E /* Frameworks */,
				D1E613AC2149BC3900AD4E4E /* Resources */,
			);
			buildRules = (
			);
			dependencies = (
				D1E613B02149BC3900AD4E4E /* PBXTargetDependency */,
			);
			name = JunkiesUITests;
			productName = JunkiesUITests;
			productReference = D1E613AE2149BC3900AD4E4E /* JunkiesUITests.xctest */;
			productType = "com.apple.product-type.bundle.ui-testing";
		};
/* End PBXNativeTarget section */

/* Begin PBXProject section */
		D1E613872149BC3700AD4E4E /* Project object */ = {
			isa = PBXProject;
			attributes = {
				LastSwiftUpdateCheck = 0940;
				LastUpgradeCheck = 0940;
				ORGANIZATIONNAME = "Manali Rami";
				TargetAttributes = {
					D1E6138E2149BC3700AD4E4E = {
						CreatedOnToolsVersion = 9.4.1;
					};
					D1E613A22149BC3900AD4E4E = {
						CreatedOnToolsVersion = 9.4.1;
						TestTargetID = D1E6138E2149BC3700AD4E4E;
					};
					D1E613AD2149BC3900AD4E4E = {
						CreatedOnToolsVersion = 9.4.1;
						TestTargetID = D1E6138E2149BC3700AD4E4E;
					};
				};
			};
			buildConfigurationList = D1E6138A2149BC3700AD4E4E /* Build configuration list for PBXProject "Junkies" */;
			compatibilityVersion = "Xcode 9.3";
			developmentRegion = en;
			hasScannedForEncodings = 0;
			knownRegions = (
				en,
				Base,
			);
			mainGroup = D1E613862149BC3700AD4E4E;
			productRefGroup = D1E613902149BC3700AD4E4E /* Products */;
			projectDirPath = "";
			projectRoot = "";
			targets = (
				D1E6138E2149BC3700AD4E4E /* Junkies */,
				D1E613A22149BC3900AD4E4E /* JunkiesTests */,
				D1E613AD2149BC3900AD4E4E /* JunkiesUITests */,
			);
		};
/* End PBXProject section */

/* Begin PBXResourcesBuildPhase section */
		D1E6138D2149BC3700AD4E4E /* Resources */ = {
			isa = PBXResourcesBuildPhase;
			buildActionMask = 2147483647;
			files = (
				D1E6139D2149BC3900AD4E4E /* LaunchScreen.storyboard in Resources */,
				D1E6139A2149BC3900AD4E4E /* Assets.xcassets in Resources */,
				D1E613982149BC3700AD4E4E /* Main.storyboard in Resources */,
			);
			runOnlyForDeploymentPostprocessing = 0;
		};
		D1E613A12149BC3900AD4E4E /* Resources */ = {
			isa = PBXResourcesBuildPhase;
			buildActionMask = 2147483647;
			files = (
			);
			runOnlyForDeploymentPostprocessing = 0;
		};
		D1E613AC2149BC3900AD4E4E /* Resources */ = {
			isa = PBXResourcesBuildPhase;
			buildActionMask = 2147483647;
			files = (
			);
			runOnlyForDeploymentPostprocessing = 0;
		};
/* End PBXResourcesBuildPhase section */

/* Begin PBXSourcesBuildPhase section */
		D1E6138B2149BC3700AD4E4E /* Sources */ = {
			isa = PBXSourcesBuildPhase;
			buildActionMask = 2147483647;
			files = (
				D1E613952149BC3700AD4E4E /* ViewController.swift in Sources */,
				D1E613C12149D35600AD4E4E /* MapViewController.swift in Sources */,
				D1E613932149BC3700AD4E4E /* AppDelegate.swift in Sources */,
			);
			runOnlyForDeploymentPostprocessing = 0;
		};
		D1E6139F2149BC3900AD4E4E /* Sources */ = {
			isa = PBXSourcesBuildPhase;
			buildActionMask = 2147483647;
			files = (
				D1E613A82149BC3900AD4E4E /* JunkiesTests.swift in Sources */,
			);
			runOnlyForDeploymentPostprocessing = 0;
		};
		D1E613AA2149BC3900AD4E4E /* Sources */ = {
			isa = PBXSourcesBuildPhase;
			buildActionMask = 2147483647;
			files = (
				D1E613B32149BC3900AD4E4E /* JunkiesUITests.swift in Sources */,
			);
			runOnlyForDeploymentPostprocessing = 0;
		};
/* End PBXSourcesBuildPhase section */

/* Begin PBXTargetDependency section */
		D1E613A52149BC3900AD4E4E /* PBXTargetDependency */ = {
			isa = PBXTargetDependency;
			target = D1E6138E2149BC3700AD4E4E /* Junkies */;
			targetProxy = D1E613A42149BC3900AD4E4E /* PBXContainerItemProxy */;
		};
		D1E613B02149BC3900AD4E4E /* PBXTargetDependency */ = {
			isa = PBXTargetDependency;
			target = D1E6138E2149BC3700AD4E4E /* Junkies */;
			targetProxy = D1E613AF2149BC3900AD4E4E /* PBXContainerItemProxy */;
		};
/* End PBXTargetDependency section */

/* Begin PBXVariantGroup section */
		D1E613962149BC3700AD4E4E /* Main.storyboard */ = {
			isa = PBXVariantGroup;
			children = (
				D1E613972149BC3700AD4E4E /* Base */,
			);
			name = Main.storyboard;
			sourceTree = "<group>";
		};
		D1E6139B2149BC3900AD4E4E /* LaunchScreen.storyboard */ = {
			isa = PBXVariantGroup;
			children = (
				D1E6139C2149BC3900AD4E4E /* Base */,
			);
			name = LaunchScreen.storyboard;
			sourceTree = "<group>";
		};
/* End PBXVariantGroup section */

/* Begin XCBuildConfiguration section */
		D1E613B52149BC3900AD4E4E /* Debug */ = {
			isa = XCBuildConfiguration;
			buildSettings = {
				ALWAYS_SEARCH_USER_PATHS = NO;
				CLANG_ANALYZER_NONNULL = YES;
				CLANG_ANALYZER_NUMBER_OBJECT_CONVERSION = YES_AGGRESSIVE;
				CLANG_CXX_LANGUAGE_STANDARD = "gnu++14";
				CLANG_CXX_LIBRARY = "libc++";
				CLANG_ENABLE_MODULES = YES;
				CLANG_ENABLE_OBJC_ARC = YES;
				CLANG_ENABLE_OBJC_WEAK = YES;
				CLANG_WARN_BLOCK_CAPTURE_AUTORELEASING = YES;
				CLANG_WARN_BOOL_CONVERSION = YES;
				CLANG_WARN_COMMA = YES;
				CLANG_WARN_CONSTANT_CONVERSION = YES;
				CLANG_WARN_DEPRECATED_OBJC_IMPLEMENTATIONS = YES;
				CLANG_WARN_DIRECT_OBJC_ISA_USAGE = YES_ERROR;
				CLANG_WARN_DOCUMENTATION_COMMENTS = YES;
				CLANG_WARN_EMPTY_BODY = YES;
				CLANG_WARN_ENUM_CONVERSION = YES;
				CLANG_WARN_INFINITE_RECURSION = YES;
				CLANG_WARN_INT_CONVERSION = YES;
				CLANG_WARN_NON_LITERAL_NULL_CONVERSION = YES;
				CLANG_WARN_OBJC_IMPLICIT_RETAIN_SELF = YES;
				CLANG_WARN_OBJC_LITERAL_CONVERSION = YES;
				CLANG_WARN_OBJC_ROOT_CLASS = YES_ERROR;
				CLANG_WARN_RANGE_LOOP_ANALYSIS = YES;
				CLANG_WARN_STRICT_PROTOTYPES = YES;
				CLANG_WARN_SUSPICIOUS_MOVE = YES;
				CLANG_WARN_UNGUARDED_AVAILABILITY = YES_AGGRESSIVE;
				CLANG_WARN_UNREACHABLE_CODE = YES;
				CLANG_WARN__DUPLICATE_METHOD_MATCH = YES;
				CODE_SIGN_IDENTITY = "iPhone Developer";
				COPY_PHASE_STRIP = NO;
				DEBUG_INFORMATION_FORMAT = dwarf;
				ENABLE_STRICT_OBJC_MSGSEND = YES;
				ENABLE_TESTABILITY = YES;
				GCC_C_LANGUAGE_STANDARD = gnu11;
				GCC_DYNAMIC_NO_PIC = NO;
				GCC_NO_COMMON_BLOCKS = YES;
				GCC_OPTIMIZATION_LEVEL = 0;
				GCC_PREPROCESSOR_DEFINITIONS = (
					"DEBUG=1",
					"$(inherited)",
				);
				GCC_WARN_64_TO_32_BIT_CONVERSION = YES;
				GCC_WARN_ABOUT_RETURN_TYPE = YES_ERROR;
				GCC_WARN_UNDECLARED_SELECTOR = YES;
				GCC_WARN_UNINITIALIZED_AUTOS = YES_AGGRESSIVE;
				GCC_WARN_UNUSED_FUNCTION = YES;
				GCC_WARN_UNUSED_VARIABLE = YES;
				IPHONEOS_DEPLOYMENT_TARGET = 11.4;
				MTL_ENABLE_DEBUG_INFO = YES;
				ONLY_ACTIVE_ARCH = YES;
				SDKROOT = iphoneos;
				SWIFT_ACTIVE_COMPILATION_CONDITIONS = DEBUG;
				SWIFT_OPTIMIZATION_LEVEL = "-Onone";
			};
			name = Debug;
		};
		D1E613B62149BC3900AD4E4E /* Release */ = {
			isa = XCBuildConfiguration;
			buildSettings = {
				ALWAYS_SEARCH_USER_PATHS = NO;
				CLANG_ANALYZER_NONNULL = YES;
				CLANG_ANALYZER_NUMBER_OBJECT_CONVERSION = YES_AGGRESSIVE;
				CLANG_CXX_LANGUAGE_STANDARD = "gnu++14";
				CLANG_CXX_LIBRARY = "libc++";
				CLANG_ENABLE_MODULES = YES;
				CLANG_ENABLE_OBJC_ARC = YES;
				CLANG_ENABLE_OBJC_WEAK = YES;
				CLANG_WARN_BLOCK_CAPTURE_AUTORELEASING = YES;
				CLANG_WARN_BOOL_CONVERSION = YES;
				CLANG_WARN_COMMA = YES;
				CLANG_WARN_CONSTANT_CONVERSION = YES;
				CLANG_WARN_DEPRECATED_OBJC_IMPLEMENTATIONS = YES;
				CLANG_WARN_DIRECT_OBJC_ISA_USAGE = YES_ERROR;
				CLANG_WARN_DOCUMENTATION_COMMENTS = YES;
				CLANG_WARN_EMPTY_BODY = YES;
				CLANG_WARN_ENUM_CONVERSION = YES;
				CLANG_WARN_INFINITE_RECURSION = YES;
				CLANG_WARN_INT_CONVERSION = YES;
				CLANG_WARN_NON_LITERAL_NULL_CONVERSION = YES;
				CLANG_WARN_OBJC_IMPLICIT_RETAIN_SELF = YES;
				CLANG_WARN_OBJC_LITERAL_CONVERSION = YES;
				CLANG_WARN_OBJC_ROOT_CLASS = YES_ERROR;
				CLANG_WARN_RANGE_LOOP_ANALYSIS = YES;
				CLANG_WARN_STRICT_PROTOTYPES = YES;
				CLANG_WARN_SUSPICIOUS_MOVE = YES;
				CLANG_WARN_UNGUARDED_AVAILABILITY = YES_AGGRESSIVE;
				CLANG_WARN_UNREACHABLE_CODE = YES;
				CLANG_WARN__DUPLICATE_METHOD_MATCH = YES;
				CODE_SIGN_IDENTITY = "iPhone Developer";
				COPY_PHASE_STRIP = NO;
				DEBUG_INFORMATION_FORMAT = "dwarf-with-dsym";
				ENABLE_NS_ASSERTIONS = NO;
				ENABLE_STRICT_OBJC_MSGSEND = YES;
				GCC_C_LANGUAGE_STANDARD = gnu11;
				GCC_NO_COMMON_BLOCKS = YES;
				GCC_WARN_64_TO_32_BIT_CONVERSION = YES;
				GCC_WARN_ABOUT_RETURN_TYPE = YES_ERROR;
				GCC_WARN_UNDECLARED_SELECTOR = YES;
				GCC_WARN_UNINITIALIZED_AUTOS = YES_AGGRESSIVE;
				GCC_WARN_UNUSED_FUNCTION = YES;
				GCC_WARN_UNUSED_VARIABLE = YES;
				IPHONEOS_DEPLOYMENT_TARGET = 11.4;
				MTL_ENABLE_DEBUG_INFO = NO;
				SDKROOT = iphoneos;
				SWIFT_COMPILATION_MODE = wholemodule;
				SWIFT_OPTIMIZATION_LEVEL = "-O";
				VALIDATE_PRODUCT = YES;
			};
			name = Release;
		};
		D1E613B82149BC3900AD4E4E /* Debug */ = {
			isa = XCBuildConfiguration;
			buildSettings = {
				ASSETCATALOG_COMPILER_APPICON_NAME = AppIcon;
				CODE_SIGN_STYLE = Automatic;
				DEVELOPMENT_TEAM = QG3P4F8565;
				INFOPLIST_FILE = Junkies/Info.plist;
				LD_RUNPATH_SEARCH_PATHS = (
					"$(inherited)",
					"@executable_path/Frameworks",
				);
				PRODUCT_BUNDLE_IDENTIFIER = Manali.com.Junkies;
				PRODUCT_NAME = "$(TARGET_NAME)";
				SWIFT_VERSION = 4.0;
				TARGETED_DEVICE_FAMILY = "1,2";
			};
			name = Debug;
		};
		D1E613B92149BC3900AD4E4E /* Release */ = {
			isa = XCBuildConfiguration;
			buildSettings = {
				ASSETCATALOG_COMPILER_APPICON_NAME = AppIcon;
				CODE_SIGN_STYLE = Automatic;
				DEVELOPMENT_TEAM = QG3P4F8565;
				INFOPLIST_FILE = Junkies/Info.plist;
				LD_RUNPATH_SEARCH_PATHS = (
					"$(inherited)",
					"@executable_path/Frameworks",
				);
				PRODUCT_BUNDLE_IDENTIFIER = Manali.com.Junkies;
				PRODUCT_NAME = "$(TARGET_NAME)";
				SWIFT_VERSION = 4.0;
				TARGETED_DEVICE_FAMILY = "1,2";
			};
			name = Release;
		};
		D1E613BB2149BC3900AD4E4E /* Debug */ = {
			isa = XCBuildConfiguration;
			buildSettings = {
				ALWAYS_EMBED_SWIFT_STANDARD_LIBRARIES = YES;
				BUNDLE_LOADER = "$(TEST_HOST)";
				CODE_SIGN_STYLE = Automatic;
				DEVELOPMENT_TEAM = QG3P4F8565;
				INFOPLIST_FILE = JunkiesTests/Info.plist;
				LD_RUNPATH_SEARCH_PATHS = (
					"$(inherited)",
					"@executable_path/Frameworks",
					"@loader_path/Frameworks",
				);
				PRODUCT_BUNDLE_IDENTIFIER = Manali.com.JunkiesTests;
				PRODUCT_NAME = "$(TARGET_NAME)";
				SWIFT_VERSION = 4.0;
				TARGETED_DEVICE_FAMILY = "1,2";
				TEST_HOST = "$(BUILT_PRODUCTS_DIR)/Junkies.app/Junkies";
			};
			name = Debug;
		};
		D1E613BC2149BC3900AD4E4E /* Release */ = {
			isa = XCBuildConfiguration;
			buildSettings = {
				ALWAYS_EMBED_SWIFT_STANDARD_LIBRARIES = YES;
				BUNDLE_LOADER = "$(TEST_HOST)";
				CODE_SIGN_STYLE = Automatic;
				DEVELOPMENT_TEAM = QG3P4F8565;
				INFOPLIST_FILE = JunkiesTests/Info.plist;
				LD_RUNPATH_SEARCH_PATHS = (
					"$(inherited)",
					"@executable_path/Frameworks",
					"@loader_path/Frameworks",
				);
				PRODUCT_BUNDLE_IDENTIFIER = Manali.com.JunkiesTests;
				PRODUCT_NAME = "$(TARGET_NAME)";
				SWIFT_VERSION = 4.0;
				TARGETED_DEVICE_FAMILY = "1,2";
				TEST_HOST = "$(BUILT_PRODUCTS_DIR)/Junkies.app/Junkies";
			};
			name = Release;
		};
		D1E613BE2149BC3900AD4E4E /* Debug */ = {
			isa = XCBuildConfiguration;
			buildSettings = {
				ALWAYS_EMBED_SWIFT_STANDARD_LIBRARIES = YES;
				CODE_SIGN_STYLE = Automatic;
				DEVELOPMENT_TEAM = QG3P4F8565;
				INFOPLIST_FILE = JunkiesUITests/Info.plist;
				LD_RUNPATH_SEARCH_PATHS = (
					"$(inherited)",
					"@executable_path/Frameworks",
					"@loader_path/Frameworks",
				);
				PRODUCT_BUNDLE_IDENTIFIER = Manali.com.JunkiesUITests;
				PRODUCT_NAME = "$(TARGET_NAME)";
				SWIFT_VERSION = 4.0;
				TARGETED_DEVICE_FAMILY = "1,2";
				TEST_TARGET_NAME = Junkies;
			};
			name = Debug;
		};
		D1E613BF2149BC3900AD4E4E /* Release */ = {
			isa = XCBuildConfiguration;
			buildSettings = {
				ALWAYS_EMBED_SWIFT_STANDARD_LIBRARIES = YES;
				CODE_SIGN_STYLE = Automatic;
				DEVELOPMENT_TEAM = QG3P4F8565;
				INFOPLIST_FILE = JunkiesUITests/Info.plist;
				LD_RUNPATH_SEARCH_PATHS = (
					"$(inherited)",
					"@executable_path/Frameworks",
					"@loader_path/Frameworks",
				);
				PRODUCT_BUNDLE_IDENTIFIER = Manali.com.JunkiesUITests;
				PRODUCT_NAME = "$(TARGET_NAME)";
				SWIFT_VERSION = 4.0;
				TARGETED_DEVICE_FAMILY = "1,2";
				TEST_TARGET_NAME = Junkies;
			};
			name = Release;
		};
/* End XCBuildConfiguration section */

/* Begin XCConfigurationList section */
		D1E6138A2149BC3700AD4E4E /* Build configuration list for PBXProject "Junkies" */ = {
			isa = XCConfigurationList;
			buildConfigurations = (
				D1E613B52149BC3900AD4E4E /* Debug */,
				D1E613B62149BC3900AD4E4E /* Release */,
			);
			defaultConfigurationIsVisible = 0;
			defaultConfigurationName = Release;
		};
		D1E613B72149BC3900AD4E4E /* Build configuration list for PBXNativeTarget "Junkies" */ = {
			isa = XCConfigurationList;
			buildConfigurations = (
				D1E613B82149BC3900AD4E4E /* Debug */,
				D1E613B92149BC3900AD4E4E /* Release */,
			);
			defaultConfigurationIsVisible = 0;
			defaultConfigurationName = Release;
		};
		D1E613BA2149BC3900AD4E4E /* Build configuration list for PBXNativeTarget "JunkiesTests" */ = {
			isa = XCConfigurationList;
			buildConfigurations = (
				D1E613BB2149BC3900AD4E4E /* Debug */,
				D1E613BC2149BC3900AD4E4E /* Release */,
			);
			defaultConfigurationIsVisible = 0;
			defaultConfigurationName = Release;
		};
		D1E613BD2149BC3900AD4E4E /* Build configuration list for PBXNativeTarget "JunkiesUITests" */ = {
			isa = XCConfigurationList;
			buildConfigurations = (
				D1E613BE2149BC3900AD4E4E /* Debug */,
				D1E613BF2149BC3900AD4E4E /* Release */,
			);
			defaultConfigurationIsVisible = 0;
			defaultConfigurationName = Release;
		};
/* End XCConfigurationList section */
	};
	rootObject = D1E613872149BC3700AD4E4E /* Project object */;
}
